
Microsoft Visual Studio Solution File, Format Version 12.00
# Visual Studio Version 17
VisualStudioVersion = 17.11.35222.181
MinimumVisualStudioVersion = 10.0.40219.1
Project("{FAE04EC0-301F-11D3-BF4B-00C04F79EFBC}") = "InterviewManagementSystem.API", "InterviewManagementSystem.API\InterviewManagementSystem.API.csproj", "{5CF4E76A-A06D-446B-A997-70DF16531B3C}"
EndProject
Project("{FAE04EC0-301F-11D3-BF4B-00C04F79EFBC}") = "InterviewManagementSystem.Application", "InterviewManagementSystem.Application\InterviewManagementSystem.Application.csproj", "{E847C85A-A165-4C23-87A5-31C35114CB46}"
EndProject
Project("{FAE04EC0-301F-11D3-BF4B-00C04F79EFBC}") = "InterviewManagementSystem.Domain", "InterviewManagementSystem.Domain\InterviewManagementSystem.Domain.csproj", "{F15C1FEF-C406-4A2D-AFC7-EA8B3C183975}"
EndProject
Project("{FAE04EC0-301F-11D3-BF4B-00C04F79EFBC}") = "InterviewManagementSystem.Infrastructure", "InterviewManagementSystem.Infrastructure\InterviewManagementSystem.Infrastructure.csproj", "{C0EA35A2-C025-46CB-A477-0C256A42433C}"
EndProject
Global
	GlobalSection(SolutionConfigurationPlatforms) = preSolution
		Debug|Any CPU = Debug|Any CPU
		Release|Any CPU = Release|Any CPU
	EndGlobalSection
	GlobalSection(ProjectConfigurationPlatforms) = postSolution
		{5CF4E76A-A06D-446B-A997-70DF16531B3C}.Debug|Any CPU.ActiveCfg = Debug|Any CPU
		{5CF4E76A-A06D-446B-A997-70DF16531B3C}.Debug|Any CPU.Build.0 = Debug|Any CPU
		{5CF4E76A-A06D-446B-A997-70DF16531B3C}.Release|Any CPU.ActiveCfg = Release|Any CPU
		{5CF4E76A-A06D-446B-A997-70DF16531B3C}.Release|Any CPU.Build.0 = Release|Any CPU
		{E847C85A-A165-4C23-87A5-31C35114CB46}.Debug|Any CPU.ActiveCfg = Debug|Any CPU
		{E847C85A-A165-4C23-87A5-31C35114CB46}.Debug|Any CPU.Build.0 = Debug|Any CPU
		{E847C85A-A165-4C23-87A5-31C35114CB46}.Release|Any CPU.ActiveCfg = Release|Any CPU
		{E847C85A-A165-4C23-87A5-31C35114CB46}.Release|Any CPU.Build.0 = Release|Any CPU
		{F15C1FEF-C406-4A2D-AFC7-EA8B3C183975}.Debug|Any CPU.ActiveCfg = Debug|Any CPU
		{F15C1FEF-C406-4A2D-AFC7-EA8B3C183975}.Debug|Any CPU.Build.0 = Debug|Any CPU
		{F15C1FEF-C406-4A2D-AFC7-EA8B3C183975}.Release|Any CPU.ActiveCfg = Release|Any CPU
		{F15C1FEF-C406-4A2D-AFC7-EA8B3C183975}.Release|Any CPU.Build.0 = Release|Any CPU
		{C0EA35A2-C025-46CB-A477-0C256A42433C}.Debug|Any CPU.ActiveCfg = Debug|Any CPU
		{C0EA35A2-C025-46CB-A477-0C256A42433C}.Debug|Any CPU.Build.0 = Debug|Any CPU
		{C0EA35A2-C025-46CB-A477-0C256A42433C}.Release|Any CPU.ActiveCfg = Release|Any CPU
		{C0EA35A2-C025-46CB-A477-0C256A42433C}.Release|Any CPU.Build.0 = Release|Any CPU
	EndGlobalSection
	GlobalSection(SolutionProperties) = preSolution
		HideSolutionNode = FALSE
	EndGlobalSection
	GlobalSection(ExtensibilityGlobals) = postSolution
		SolutionGuid = {D1F61ED7-541B-4431-B802-E2D705D224DA}
	EndGlobalSection
EndGlobal
